
Microsoft Visual Studio Solution File, Format Version 12.00
# Visual Studio 15
VisualStudioVersion = 15.0.27004.2002
MinimumVisualStudioVersion = 10.0.40219.1
Project("{FAE04EC0-301F-11D3-BF4B-00C04F79EFBC}") = "TCP", "TCP\TCP.csproj", "{4577CB73-6B88-4082-BE98-72650F4AB06A}"
EndProject
Project("{FAE04EC0-301F-11D3-BF4B-00C04F79EFBC}") = "ClienteTCP", "ClienteTCP\ClienteTCP.csproj", "{C3A3E362-29D1-4855-9369-943F042EBA41}"
EndProject
Project("{FAE04EC0-301F-11D3-BF4B-00C04F79EFBC}") = "ClienteTCPForm", "ClienteTCPForm\ClienteTCPForm.csproj", "{8E933D07-48F6-4CC0-8419-B96FFAA184A2}"
EndProject
Global
	GlobalSection(SolutionConfigurationPlatforms) = preSolution
		Debug|Any CPU = Debug|Any CPU
		Release|Any CPU = Release|Any CPU
	EndGlobalSection
	GlobalSection(ProjectConfigurationPlatforms) = postSolution
		{4577CB73-6B88-4082-BE98-72650F4AB06A}.Debug|Any CPU.ActiveCfg = Debug|Any CPU
		{4577CB73-6B88-4082-BE98-72650F4AB06A}.Debug|Any CPU.Build.0 = Debug|Any CPU
		{4577CB73-6B88-4082-BE98-72650F4AB06A}.Release|Any CPU.ActiveCfg = Release|Any CPU
		{4577CB73-6B88-4082-BE98-72650F4AB06A}.Release|Any CPU.Build.0 = Release|Any CPU
		{C3A3E362-29D1-4855-9369-943F042EBA41}.Debug|Any CPU.ActiveCfg = Debug|Any CPU
		{C3A3E362-29D1-4855-9369-943F042EBA41}.Debug|Any CPU.Build.0 = Debug|Any CPU
		{C3A3E362-29D1-4855-9369-943F042EBA41}.Release|Any CPU.ActiveCfg = Release|Any CPU
		{C3A3E362-29D1-4855-9369-943F042EBA41}.Release|Any CPU.Build.0 = Release|Any CPU
		{8E933D07-48F6-4CC0-8419-B96FFAA184A2}.Debug|Any CPU.ActiveCfg = Debug|Any CPU
		{8E933D07-48F6-4CC0-8419-B96FFAA184A2}.Debug|Any CPU.Build.0 = Debug|Any CPU
		{8E933D07-48F6-4CC0-8419-B96FFAA184A2}.Release|Any CPU.ActiveCfg = Release|Any CPU
		{8E933D07-48F6-4CC0-8419-B96FFAA184A2}.Release|Any CPU.Build.0 = Release|Any CPU
	EndGlobalSection
	GlobalSection(SolutionProperties) = preSolution
		HideSolutionNode = FALSE
	EndGlobalSection
	GlobalSection(ExtensibilityGlobals) = postSolution
		SolutionGuid = {E49E3E00-865A-4E37-BB31-0CE06F1EC388}
	EndGlobalSection
EndGlobal
